<?xml version="1.0" encoding="utf-8"?>
<Project ToolsVersion="4.0" xmlns="http://schemas.microsoft.com/developer/msbuild/2003">
  <ItemGroup>
    <Filter Include="Source Files">
      <UniqueIdentifier>{4FC737F1-C7A5-4376-A066-2A32D752A2FF}</UniqueIdentifier>
      <Extensions>cpp;c;cc;cxx;c++;cppm;ixx;def;odl;idl;hpj;bat;asm;asmx</Extensions>
    </Filter>
    <Filter Include="Header Files">
      <UniqueIdentifier>{93995380-89BD-4b04-88EB-625FBE52EBFB}</UniqueIdentifier>
      <Extensions>h;hh;hpp;hxx;h++;hm;inl;inc;ipp;xsd</Extensions>
    </Filter>
    <Filter Include="Resource Files">
      <UniqueIdentifier>{67DA6AB6-F800-4c08-8B7A-83BB121AAD01}</UniqueIdentifier>
      <Extensions>rc;ico;cur;bmp;dlg;rc2;rct;bin;rgs;gif;jpg;jpeg;jpe;resx;tiff;tif;png;wav;mfcribbon-ms</Extensions>
    </Filter>
  </ItemGroup>
  <ItemGroup>
    <ClCompile Include="Inicio.cpp">
      <Filter>Source Files</Filter>
    </ClCompile>
    <ClCompile Include="Creditos.cpp">
      <Filter>Source Files</Filter>
    </ClCompile>
    <ClCompile Include="Matriz.cpp">
      <Filter>Source Files</Filter>
    </ClCompile>
    <ClCompile Include="IngresoDatos.cpp">
      <Filter>Source Files</Filter>
    </ClCompile>
    <ClCompile Include="Matriz6x6.cpp">
      <Filter>Source Files</Filter>
    </ClCompile>
    <ClCompile Include="Matriz7x7.cpp">
      <Filter>Source Files</Filter>
    </ClCompile>
    <ClCompile Include="Matriz8x8.cpp">
      <Filter>Source Files</Filter>
    </ClCompile>
    <ClCompile Include="Matriz9x9.cpp">
      <Filter>Source Files</Filter>
    </ClCompile>
    <ClCompile Include="Matriz10x10.cpp">
      <Filter>Source Files</Filter>
    </ClCompile>
    <ClCompile Include="Matriz11x11.cpp">
      <Filter>Source Files</Filter>
    </ClCompile>
    <ClCompile Include="Matriz12x12.cpp">
      <Filter>Source Files</Filter>
    </ClCompile>
    <ClCompile Include="Matriz13x13.cpp">
      <Filter>Source Files</Filter>
    </ClCompile>
    <ClCompile Include="Matriz14x14.cpp">
      <Filter>Source Files</Filter>
    </ClCompile>
    <ClCompile Include="Matriz15x15.cpp">
      <Filter>Source Files</Filter>
    </ClCompile>
    <ClCompile Include="Matriz5x5.cpp">
      <Filter>Source Files</Filter>
    </ClCompile>
  </ItemGroup>
  <ItemGroup>
    <ClInclude Include="Inicio.h">
      <Filter>Header Files</Filter>
    </ClInclude>
    <ClInclude Include="Creditos.h">
      <Filter>Header Files</Filter>
    </ClInclude>
    <ClInclude Include="Matriz.h">
      <Filter>Header Files</Filter>
    </ClInclude>
    <ClInclude Include="IngresoDatos.h">
      <Filter>Header Files</Filter>
    </ClInclude>
    <ClInclude Include="Dijkstra.h">
      <Filter>Header Files</Filter>
    </ClInclude>
    <ClInclude Include="MatricesAdyacencia.h">
      <Filter>Header Files</Filter>
    </ClInclude>
    <ClInclude Include="Matriz6x6.h">
      <Filter>Header Files</Filter>
    </ClInclude>
    <ClInclude Include="Matriz7x7.h">
      <Filter>Header Files</Filter>
    </ClInclude>
    <ClInclude Include="Matriz8x8.h">
      <Filter>Header Files</Filter>
    </ClInclude>
    <ClInclude Include="Matriz9x9.h">
      <Filter>Header Files</Filter>
    </ClInclude>
    <ClInclude Include="Matriz10x10.h">
      <Filter>Header Files</Filter>
    </ClInclude>
    <ClInclude Include="Matriz11x11.h">
      <Filter>Header Files</Filter>
    </ClInclude>
    <ClInclude Include="Matriz12x12.h">
      <Filter>Header Files</Filter>
    </ClInclude>
    <ClInclude Include="Matriz13x13.h">
      <Filter>Header Files</Filter>
    </ClInclude>
    <ClInclude Include="Matriz14x14.h">
      <Filter>Header Files</Filter>
    </ClInclude>
    <ClInclude Include="Matriz15x15.h">
      <Filter>Header Files</Filter>
    </ClInclude>
    <ClInclude Include="Matriz5x5.h">
      <Filter>Header Files</Filter>
    </ClInclude>
  </ItemGroup>
</Project>